// !$*UTF8*$!
{
	archiveVersion = 1;
	classes = {
	};
	objectVersion = 46;
	objects = {

/* Begin PBXBuildFile section */
		3D04C17A1A5DE897006A4BB1 /* AppDelegate.swift in Sources */ = {isa = PBXBuildFile; fileRef = 3D04C1791A5DE897006A4BB1 /* AppDelegate.swift */; };
		3D04C17C1A5DE897006A4BB1 /* ViewController.swift in Sources */ = {isa = PBXBuildFile; fileRef = 3D04C17B1A5DE897006A4BB1 /* ViewController.swift */; };
		3D04C17F1A5DE897006A4BB1 /* Main.storyboard in Resources */ = {isa = PBXBuildFile; fileRef = 3D04C17D1A5DE897006A4BB1 /* Main.storyboard */; };
		3D04C1811A5DE897006A4BB1 /* Images.xcassets in Resources */ = {isa = PBXBuildFile; fileRef = 3D04C1801A5DE897006A4BB1 /* Images.xcassets */; };
		3D04C1841A5DE897006A4BB1 /* LaunchScreen.xib in Resources */ = {isa = PBXBuildFile; fileRef = 3D04C1821A5DE897006A4BB1 /* LaunchScreen.xib */; };
		3D04C1901A5DE897006A4BB1 /* Emoji_DictionaryTests.swift in Sources */ = {isa = PBXBuildFile; fileRef = 3D04C18F1A5DE897006A4BB1 /* Emoji_DictionaryTests.swift */; };
/* End PBXBuildFile section */

/* Begin PBXContainerItemProxy section */
		3D04C18A1A5DE897006A4BB1 /* PBXContainerItemProxy */ = {
			isa = PBXContainerItemProxy;
			containerPortal = 3D04C16C1A5DE897006A4BB1 /* Project object */;
			proxyType = 1;
			remoteGlobalIDString = 3D04C1731A5DE897006A4BB1;
			remoteInfo = "Emoji Dictionary";
		};
/* End PBXContainerItemProxy section */

/* Begin PBXFileReference section */
		3D04C1741A5DE897006A4BB1 /* Emoji Dictionary.app */ = {isa = PBXFileReference; explicitFileType = wrapper.application; includeInIndex = 0; path = "Emoji Dictionary.app"; sourceTree = BUILT_PRODUCTS_DIR; };
		3D04C1781A5DE897006A4BB1 /* Info.plist */ = {isa = PBXFileReference; lastKnownFileType = text.plist.xml; path = Info.plist; sourceTree = "<group>"; };
		3D04C1791A5DE897006A4BB1 /* AppDelegate.swift */ = {isa = PBXFileReference; lastKnownFileType = sourcecode.swift; path = AppDelegate.swift; sourceTree = "<group>"; };
		3D04C17B1A5DE897006A4BB1 /* ViewController.swift */ = {isa = PBXFileReference; lastKnownFileType = sourcecode.swift; path = ViewController.swift; sourceTree = "<group>"; };
		3D04C17E1A5DE897006A4BB1 /* Base */ = {isa = PBXFileReference; lastKnownFileType = file.storyboard; name = Base; path = Base.lproj/Main.storyboard; sourceTree = "<group>"; };
		3D04C1801A5DE897006A4BB1 /* Images.xcassets */ = {isa = PBXFileReference; lastKnownFileType = folder.assetcatalog; path = Images.xcassets; sourceTree = "<group>"; };
		3D04C1831A5DE897006A4BB1 /* Base */ = {isa = PBXFileReference; lastKnownFileType = file.xib; name = Base; path = Base.lproj/LaunchScreen.xib; sourceTree = "<group>"; };
		3D04C1891A5DE897006A4BB1 /* Emoji DictionaryTests.xctest */ = {isa = PBXFileReference; explicitFileType = wrapper.cfbundle; includeInIndex = 0; path = "Emoji DictionaryTests.xctest"; sourceTree = BUILT_PRODUCTS_DIR; };
		3D04C18E1A5DE897006A4BB1 /* Info.plist */ = {isa = PBXFileReference; lastKnownFileType = text.plist.xml; path = Info.plist; sourceTree = "<group>"; };
		3D04C18F1A5DE897006A4BB1 /* Emoji_DictionaryTests.swift */ = {isa = PBXFileReference; lastKnownFileType = sourcecode.swift; path = Emoji_DictionaryTests.swift; sourceTree = "<group>"; };
/* End PBXFileReference section */

/* Begin PBXFrameworksBuildPhase section */
		3D04C1711A5DE897006A4BB1 /* Frameworks */ = {
			isa = PBXFrameworksBuildPhase;
			buildActionMask = 2147483647;
			files = (
			);
			runOnlyForDeploymentPostprocessing = 0;
		};
		3D04C1861A5DE897006A4BB1 /* Frameworks */ = {
			isa = PBXFrameworksBuildPhase;
			buildActionMask = 2147483647;
			files = (
			);
			runOnlyForDeploymentPostprocessing = 0;
		};
/* End PBXFrameworksBuildPhase section */

/* Begin PBXGroup section */
		3D04C16B1A5DE897006A4BB1 = {
			isa = PBXGroup;
			children = (
				3D04C1761A5DE897006A4BB1 /* Emoji Dictionary */,
				3D04C18C1A5DE897006A4BB1 /* Emoji DictionaryTests */,
				3D04C1751A5DE897006A4BB1 /* Products */,
			);
			sourceTree = "<group>";
		};
		3D04C1751A5DE897006A4BB1 /* Products */ = {
			isa = PBXGroup;
			children = (
				3D04C1741A5DE897006A4BB1 /* Emoji Dictionary.app */,
				3D04C1891A5DE897006A4BB1 /* Emoji DictionaryTests.xctest */,
			);
			name = Products;
			sourceTree = "<group>";
		};
		3D04C1761A5DE897006A4BB1 /* Emoji Dictionary */ = {
			isa = PBXGroup;
			children = (
				3D04C1791A5DE897006A4BB1 /* AppDelegate.swift */,
				3D04C17B1A5DE897006A4BB1 /* ViewController.swift */,
				3D04C17D1A5DE897006A4BB1 /* Main.storyboard */,
				3D04C1801A5DE897006A4BB1 /* Images.xcassets */,
				3D04C1821A5DE897006A4BB1 /* LaunchScreen.xib */,
				3D04C1771A5DE897006A4BB1 /* Supporting Files */,
			);
			path = "Emoji Dictionary";
			sourceTree = "<group>";
		};
		3D04C1771A5DE897006A4BB1 /* Supporting Files */ = {
			isa = PBXGroup;
			children = (
				3D04C1781A5DE897006A4BB1 /* Info.plist */,
			);
			name = "Supporting Files";
			sourceTree = "<group>";
		};
		3D04C18C1A5DE897006A4BB1 /* Emoji DictionaryTests */ = {
			isa = PBXGroup;
			children = (
				3D04C18F1A5DE897006A4BB1 /* Emoji_DictionaryTests.swift */,
				3D04C18D1A5DE897006A4BB1 /* Supporting Files */,
			);
			path = "Emoji DictionaryTests";
			sourceTree = "<group>";
		};
		3D04C18D1A5DE897006A4BB1 /* Supporting Files */ = {
			isa = PBXGroup;
			children = (
				3D04C18E1A5DE897006A4BB1 /* Info.plist */,
			);
			name = "Supporting Files";
			sourceTree = "<group>";
		};
/* End PBXGroup section */

/* Begin PBXNativeTarget section */
		3D04C1731A5DE897006A4BB1 /* Emoji Dictionary */ = {
			isa = PBXNativeTarget;
			buildConfigurationList = 3D04C1931A5DE897006A4BB1 /* Build configuration list for PBXNativeTarget "Emoji Dictionary" */;
			buildPhases = (
				3D04C1701A5DE897006A4BB1 /* Sources */,
				3D04C1711A5DE897006A4BB1 /* Frameworks */,
				3D04C1721A5DE897006A4BB1 /* Resources */,
			);
			buildRules = (
			);
			dependencies = (
			);
			name = "Emoji Dictionary";
			productName = "Emoji Dictionary";
			productReference = 3D04C1741A5DE897006A4BB1 /* Emoji Dictionary.app */;
			productType = "com.apple.product-type.application";
		};
		3D04C1881A5DE897006A4BB1 /* Emoji DictionaryTests */ = {
			isa = PBXNativeTarget;
			buildConfigurationList = 3D04C1961A5DE897006A4BB1 /* Build configuration list for PBXNativeTarget "Emoji DictionaryTests" */;
			buildPhases = (
				3D04C1851A5DE897006A4BB1 /* Sources */,
				3D04C1861A5DE897006A4BB1 /* Frameworks */,
				3D04C1871A5DE897006A4BB1 /* Resources */,
			);
			buildRules = (
			);
			dependencies = (
				3D04C18B1A5DE897006A4BB1 /* PBXTargetDependency */,
			);
			name = "Emoji DictionaryTests";
			productName = "Emoji DictionaryTests";
			productReference = 3D04C1891A5DE897006A4BB1 /* Emoji DictionaryTests.xctest */;
			productType = "com.apple.product-type.bundle.unit-test";
		};
/* End PBXNativeTarget section */

/* Begin PBXProject section */
		3D04C16C1A5DE897006A4BB1 /* Project object */ = {
			isa = PBXProject;
			attributes = {
				LastUpgradeCheck = 0610;
				ORGANIZATIONNAME = "Adam Walker";
				TargetAttributes = {
					3D04C1731A5DE897006A4BB1 = {
						CreatedOnToolsVersion = 6.1.1;
					};
					3D04C1881A5DE897006A4BB1 = {
						CreatedOnToolsVersion = 6.1.1;
						TestTargetID = 3D04C1731A5DE897006A4BB1;
					};
				};
			};
			buildConfigurationList = 3D04C16F1A5DE897006A4BB1 /* Build configuration list for PBXProject "Emoji Dictionary" */;
			compatibilityVersion = "Xcode 3.2";
			developmentRegion = English;
			hasScannedForEncodings = 0;
			knownRegions = (
				en,
				Base,
			);
			mainGroup = 3D04C16B1A5DE897006A4BB1;
			productRefGroup = 3D04C1751A5DE897006A4BB1 /* Products */;
			projectDirPath = "";
			projectRoot = "";
			targets = (
				3D04C1731A5DE897006A4BB1 /* Emoji Dictionary */,
				3D04C1881A5DE897006A4BB1 /* Emoji DictionaryTests */,
			);
		};
/* End PBXProject section */

/* Begin PBXResourcesBuildPhase section */
		3D04C1721A5DE897006A4BB1 /* Resources */ = {
			isa = PBXResourcesBuildPhase;
			buildActionMask = 2147483647;
			files = (
				3D04C17F1A5DE897006A4BB1 /* Main.storyboard in Resources */,
				3D04C1841A5DE897006A4BB1 /* LaunchScreen.xib in Resources */,
				3D04C1811A5DE897006A4BB1 /* Images.xcassets in Resources */,
			);
			runOnlyForDeploymentPostprocessing = 0;
		};
		3D04C1871A5DE897006A4BB1 /* Resources */ = {
			isa = PBXResourcesBuildPhase;
			buildActionMask = 2147483647;
			files = (
			);
			runOnlyForDeploymentPostprocessing = 0;
		};
/* End PBXResourcesBuildPhase section */

/* Begin PBXSourcesBuildPhase section */
		3D04C1701A5DE897006A4BB1 /* Sources */ = {
			isa = PBXSourcesBuildPhase;
			buildActionMask = 2147483647;
			files = (
				3D04C17C1A5DE897006A4BB1 /* ViewController.swift in Sources */,
				3D04C17A1A5DE897006A4BB1 /* AppDelegate.swift in Sources */,
			);
			runOnlyForDeploymentPostprocessing = 0;
		};
		3D04C1851A5DE897006A4BB1 /* Sources */ = {
			isa = PBXSourcesBuildPhase;
			buildActionMask = 2147483647;
			files = (
				3D04C1901A5DE897006A4BB1 /* Emoji_DictionaryTests.swift in Sources */,
			);
			runOnlyForDeploymentPostprocessing = 0;
		};
/* End PBXSourcesBuildPhase section */

/* Begin PBXTargetDependency section */
		3D04C18B1A5DE897006A4BB1 /* PBXTargetDependency */ = {
			isa = PBXTargetDependency;
			target = 3D04C1731A5DE897006A4BB1 /* Emoji Dictionary */;
			targetProxy = 3D04C18A1A5DE897006A4BB1 /* PBXContainerItemProxy */;
		};
/* End PBXTargetDependency section */

/* Begin PBXVariantGroup section */
		3D04C17D1A5DE897006A4BB1 /* Main.storyboard */ = {
			isa = PBXVariantGroup;
			children = (
				3D04C17E1A5DE897006A4BB1 /* Base */,
			);
			name = Main.storyboard;
			sourceTree = "<group>";
		};
		3D04C1821A5DE897006A4BB1 /* LaunchScreen.xib */ = {
			isa = PBXVariantGroup;
			children = (
				3D04C1831A5DE897006A4BB1 /* Base */,
			);
			name = LaunchScreen.xib;
			sourceTree = "<group>";
		};
/* End PBXVariantGroup section */

/* Begin XCBuildConfiguration section */
		3D04C1911A5DE897006A4BB1 /* Debug */ = {
			isa = XCBuildConfiguration;
			buildSettings = {
				ALWAYS_SEARCH_USER_PATHS = NO;
				CLANG_CXX_LANGUAGE_STANDARD = "gnu++0x";
				CLANG_CXX_LIBRARY = "libc++";
				CLANG_ENABLE_MODULES = YES;
				CLANG_ENABLE_OBJC_ARC = YES;
				CLANG_WARN_BOOL_CONVERSION = YES;
				CLANG_WARN_CONSTANT_CONVERSION = YES;
				CLANG_WARN_DIRECT_OBJC_ISA_USAGE = YES_ERROR;
				CLANG_WARN_EMPTY_BODY = YES;
				CLANG_WARN_ENUM_CONVERSION = YES;
				CLANG_WARN_INT_CONVERSION = YES;
				CLANG_WARN_OBJC_ROOT_CLASS = YES_ERROR;
				CLANG_WARN_UNREACHABLE_CODE = YES;
				CLANG_WARN__DUPLICATE_METHOD_MATCH = YES;
				"CODE_SIGN_IDENTITY[sdk=iphoneos*]" = "iPhone Developer";
				COPY_PHASE_STRIP = NO;
				ENABLE_STRICT_OBJC_MSGSEND = YES;
				GCC_C_LANGUAGE_STANDARD = gnu99;
				GCC_DYNAMIC_NO_PIC = NO;
				GCC_OPTIMIZATION_LEVEL = 0;
				GCC_PREPROCESSOR_DEFINITIONS = (
					"DEBUG=1",
					"$(inherited)",
				);
				GCC_SYMBOLS_PRIVATE_EXTERN = NO;
				GCC_WARN_64_TO_32_BIT_CONVERSION = YES;
				GCC_WARN_ABOUT_RETURN_TYPE = YES_ERROR;
				GCC_WARN_UNDECLARED_SELECTOR = YES;
				GCC_WARN_UNINITIALIZED_AUTOS = YES_AGGRESSIVE;
				GCC_WARN_UNUSED_FUNCTION = YES;
				GCC_WARN_UNUSED_VARIABLE = YES;
				IPHONEOS_DEPLOYMENT_TARGET = 8.1;
				MTL_ENABLE_DEBUG_INFO = YES;
				ONLY_ACTIVE_ARCH = YES;
				SDKROOT = iphoneos;
				SWIFT_OPTIMIZATION_LEVEL = "-Onone";
				TARGETED_DEVICE_FAMILY = "1,2";
			};
			name = Debug;
		};
		3D04C1921A5DE897006A4BB1 /* Release */ = {
			isa = XCBuildConfiguration;
			buildSettings = {
				ALWAYS_SEARCH_USER_PATHS = NO;
				CLANG_CXX_LANGUAGE_STANDARD = "gnu++0x";
				CLANG_CXX_LIBRARY = "libc++";
				CLANG_ENABLE_MODULES = YES;
				CLANG_ENABLE_OBJC_ARC = YES;
				CLANG_WARN_BOOL_CONVERSION = YES;
				CLANG_WARN_CONSTANT_CONVERSION = YES;
				CLANG_WARN_DIRECT_OBJC_ISA_USAGE = YES_ERROR;
				CLANG_WARN_EMPTY_BODY = YES;
				CLANG_WARN_ENUM_CONVERSION = YES;
				CLANG_WARN_INT_CONVERSION = YES;
				CLANG_WARN_OBJC_ROOT_CLASS = YES_ERROR;
				CLANG_WARN_UNREACHABLE_CODE = YES;
				CLANG_WARN__DUPLICATE_METHOD_MATCH = YES;
				"CODE_SIGN_IDENTITY[sdk=iphoneos*]" = "iPhone Developer";
				COPY_PHASE_STRIP = YES;
				ENABLE_NS_ASSERTIONS = NO;
				ENABLE_STRICT_OBJC_MSGSEND = YES;
				GCC_C_LANGUAGE_STANDARD = gnu99;
				GCC_WARN_64_TO_32_BIT_CONVERSION = YES;
				GCC_WARN_ABOUT_RETURN_TYPE = YES_ERROR;
				GCC_WARN_UNDECLARED_SELECTOR = YES;
				GCC_WARN_UNINITIALIZED_AUTOS = YES_AGGRESSIVE;
				GCC_WARN_UNUSED_FUNCTION = YES;
				GCC_WARN_UNUSED_VARIABLE = YES;
				IPHONEOS_DEPLOYMENT_TARGET = 8.1;
				MTL_ENABLE_DEBUG_INFO = NO;
				SDKROOT = iphoneos;
				TARGETED_DEVICE_FAMILY = "1,2";
				VALIDATE_PRODUCT = YES;
			};
			name = Release;
		};
		3D04C1941A5DE897006A4BB1 /* Debug */ = {
			isa = XCBuildConfiguration;
			buildSettings = {
				ASSETCATALOG_COMPILER_APPICON_NAME = AppIcon;
				INFOPLIST_FILE = "Emoji Dictionary/Info.plist";
				LD_RUNPATH_SEARCH_PATHS = "$(inherited) @executable_path/Frameworks";
				PRODUCT_NAME = "$(TARGET_NAME)";
			};
			name = Debug;
		};
		3D04C1951A5DE897006A4BB1 /* Release */ = {
			isa = XCBuildConfiguration;
			buildSettings = {
				ASSETCATALOG_COMPILER_APPICON_NAME = AppIcon;
				INFOPLIST_FILE = "Emoji Dictionary/Info.plist";
				LD_RUNPATH_SEARCH_PATHS = "$(inherited) @executable_path/Frameworks";
				PRODUCT_NAME = "$(TARGET_NAME)";
			};
			name = Release;
		};
		3D04C1971A5DE897006A4BB1 /* Debug */ = {
			isa = XCBuildConfiguration;
			buildSettings = {
				BUNDLE_LOADER = "$(TEST_HOST)";
				FRAMEWORK_SEARCH_PATHS = (
					"$(SDKROOT)/Developer/Library/Frameworks",
					"$(inherited)",
				);
				GCC_PREPROCESSOR_DEFINITIONS = (
					"DEBUG=1",
					"$(inherited)",
				);
				INFOPLIST_FILE = "Emoji DictionaryTests/Info.plist";
				LD_RUNPATH_SEARCH_PATHS = "$(inherited) @executable_path/Frameworks @loader_path/Frameworks";
				PRODUCT_NAME = "$(TARGET_NAME)";
				TEST_HOST = "$(BUILT_PRODUCTS_DIR)/Emoji Dictionary.app/Emoji Dictionary";
			};
			name = Debug;
		};
		3D04C1981A5DE897006A4BB1 /* Release */ = {
			isa = XCBuildConfiguration;
			buildSettings = {
				BUNDLE_LOADER = "$(TEST_HOST)";
				FRAMEWORK_SEARCH_PATHS = (
					"$(SDKROOT)/Developer/Library/Frameworks",
					"$(inherited)",
				);
				INFOPLIST_FILE = "Emoji DictionaryTests/Info.plist";
				LD_RUNPATH_SEARCH_PATHS = "$(inherited) @executable_path/Frameworks @loader_path/Frameworks";
				PRODUCT_NAME = "$(TARGET_NAME)";
				TEST_HOST = "$(BUILT_PRODUCTS_DIR)/Emoji Dictionary.app/Emoji Dictionary";
			};
			name = Release;
		};
/* End XCBuildConfiguration section */

/* Begin XCConfigurationList section */
		3D04C16F1A5DE897006A4BB1 /* Build configuration list for PBXProject "Emoji Dictionary" */ = {
			isa = XCConfigurationList;
			buildConfigurations = (
				3D04C1911A5DE897006A4BB1 /* Debug */,
				3D04C1921A5DE897006A4BB1 /* Release */,
			);
			defaultConfigurationIsVisible = 0;
			defaultConfigurationName = Release;
		};
		3D04C1931A5DE897006A4BB1 /* Build configuration list for PBXNativeTarget "Emoji Dictionary" */ = {
			isa = XCConfigurationList;
			buildConfigurations = (
				3D04C1941A5DE897006A4BB1 /* Debug */,
				3D04C1951A5DE897006A4BB1 /* Release */,
			);
			defaultConfigurationIsVisible = 0;
		};
		3D04C1961A5DE897006A4BB1 /* Build configuration list for PBXNativeTarget "Emoji DictionaryTests" */ = {
			isa = XCConfigurationList;
			buildConfigurations = (
				3D04C1971A5DE897006A4BB1 /* Debug */,
				3D04C1981A5DE897006A4BB1 /* Release */,
			);
			defaultConfigurationIsVisible = 0;
		};
/* End XCConfigurationList section */
	};
	rootObject = 3D04C16C1A5DE897006A4BB1 /* Project object */;
}
